Microsoft Visual Studio Solution File, Format Version 11.00
# Visual Studio 2008

Project("{D91EC8B9-41E4-E0BD-90F1-2C137C39D491}") = "ikeAR2", "Assembly-CSharp.csproj", "{C914B82A-4696-CB18-77EE-BB033664AB4F}"
EndProject
Project("{D91EC8B9-41E4-E0BD-90F1-2C137C39D491}") = "ikeAR2", "Assembly-CSharp-Editor.csproj", "{6949D08A-E0B7-CF19-8F11-EB19824B9DE1}"
EndProject
Global
	GlobalSection(SolutionConfigurationPlatforms) = preSolution
		Debug|Any CPU = Debug|Any CPU
		Release|Any CPU = Release|Any CPU
	EndGlobalSection
	GlobalSection(ProjectConfigurationPlatforms) = postSolution
		{C914B82A-4696-CB18-77EE-BB033664AB4F}.Debug|Any CPU.ActiveCfg = Debug|Any CPU
		{C914B82A-4696-CB18-77EE-BB033664AB4F}.Debug|Any CPU.Build.0 = Debug|Any CPU
		{C914B82A-4696-CB18-77EE-BB033664AB4F}.Release|Any CPU.ActiveCfg = Release|Any CPU
		{C914B82A-4696-CB18-77EE-BB033664AB4F}.Release|Any CPU.Build.0 = Release|Any CPU
		{6949D08A-E0B7-CF19-8F11-EB19824B9DE1}.Debug|Any CPU.ActiveCfg = Debug|Any CPU
		{6949D08A-E0B7-CF19-8F11-EB19824B9DE1}.Debug|Any CPU.Build.0 = Debug|Any CPU
		{6949D08A-E0B7-CF19-8F11-EB19824B9DE1}.Release|Any CPU.ActiveCfg = Release|Any CPU
		{6949D08A-E0B7-CF19-8F11-EB19824B9DE1}.Release|Any CPU.Build.0 = Release|Any CPU
	EndGlobalSection
	GlobalSection(SolutionProperties) = preSolution
		HideSolutionNode = FALSE
	EndGlobalSection
																																																														GlobalSection(MonoDevelopProperties) = preSolution
		StartupItem = Assembly-CSharp.csproj
		Policies = $0
		$0.TextStylePolicy = $1
		$1.inheritsSet = null
		$1.scope = text/x-csharp
		$0.CSharpFormattingPolicy = $2
		$2.inheritsSet = Mono
		$2.inheritsScope = text/x-csharp
		$2.scope = text/x-csharp
		$0.TextStylePolicy = $3
		$3.FileWidth = 120
		$3.TabWidth = 4
		$3.EolMarker = Unix
		$3.inheritsSet = Mono
		$3.inheritsScope = text/plain
		$3.scope = text/plain
	EndGlobalSection

EndGlobal
