Microsoft Visual Studio Solution File, Format Version 11.00
# Visual Studio 2008

Project("{F3C58D22-8729-A413-2072-C1B9DA437168}") = "ikear", "Assembly-CSharp.csproj", "{FC6448C0-FC3E-9C90-51A9-B0C712B42835}"
EndProject
Project("{F3C58D22-8729-A413-2072-C1B9DA437168}") = "ikear", "Assembly-CSharp-Editor.csproj", "{208D0231-A016-2113-E016-D2FA995C6010}"
EndProject
Global
	GlobalSection(SolutionConfigurationPlatforms) = preSolution
		Debug|Any CPU = Debug|Any CPU
		Release|Any CPU = Release|Any CPU
	EndGlobalSection
	GlobalSection(ProjectConfigurationPlatforms) = postSolution
		{FC6448C0-FC3E-9C90-51A9-B0C712B42835}.Debug|Any CPU.ActiveCfg = Debug|Any CPU
		{FC6448C0-FC3E-9C90-51A9-B0C712B42835}.Debug|Any CPU.Build.0 = Debug|Any CPU
		{FC6448C0-FC3E-9C90-51A9-B0C712B42835}.Release|Any CPU.ActiveCfg = Release|Any CPU
		{FC6448C0-FC3E-9C90-51A9-B0C712B42835}.Release|Any CPU.Build.0 = Release|Any CPU
		{208D0231-A016-2113-E016-D2FA995C6010}.Debug|Any CPU.ActiveCfg = Debug|Any CPU
		{208D0231-A016-2113-E016-D2FA995C6010}.Debug|Any CPU.Build.0 = Debug|Any CPU
		{208D0231-A016-2113-E016-D2FA995C6010}.Release|Any CPU.ActiveCfg = Release|Any CPU
		{208D0231-A016-2113-E016-D2FA995C6010}.Release|Any CPU.Build.0 = Release|Any CPU
	EndGlobalSection
	GlobalSection(SolutionProperties) = preSolution
		HideSolutionNode = FALSE
	EndGlobalSection
									GlobalSection(MonoDevelopProperties) = preSolution
		StartupItem = Assembly-CSharp.csproj
		Policies = $0
		$0.TextStylePolicy = $1
		$1.inheritsSet = null
		$1.scope = text/x-csharp
		$0.CSharpFormattingPolicy = $2
		$2.inheritsSet = Mono
		$2.inheritsScope = text/x-csharp
		$2.scope = text/x-csharp
		$0.TextStylePolicy = $3
		$3.FileWidth = 120
		$3.TabWidth = 4
		$3.EolMarker = Unix
		$3.inheritsSet = Mono
		$3.inheritsScope = text/plain
		$3.scope = text/plain
	EndGlobalSection

EndGlobal
